
Microsoft Visual Studio Solution File, Format Version 12.00
# Visual Studio Version 16
VisualStudioVersion = 16.0.30804.86
MinimumVisualStudioVersion = 10.0.40219.1
Project("{9A19103F-16F7-4668-BE54-9A1E7A4F7556}") = "Interpreter", "Interpreter\Interpreter.csproj", "{6BAACAA0-F88A-4A40-8544-123FAF56191C}"
EndProject
Project("{9A19103F-16F7-4668-BE54-9A1E7A4F7556}") = "Parser", "Parser\Parser.csproj", "{FB79BA47-F1EC-4D98-BDF5-D80EFF5EDFAA}"
EndProject
Project("{9A19103F-16F7-4668-BE54-9A1E7A4F7556}") = "Lexer", "Lexer\Lexer.csproj", "{EEB394E0-84EC-4E03-87E9-7B055C92D0D5}"
EndProject
Global
	GlobalSection(SolutionConfigurationPlatforms) = preSolution
		Debug|Any CPU = Debug|Any CPU
		Release|Any CPU = Release|Any CPU
	EndGlobalSection
	GlobalSection(ProjectConfigurationPlatforms) = postSolution
		{6BAACAA0-F88A-4A40-8544-123FAF56191C}.Debug|Any CPU.ActiveCfg = Debug|Any CPU
		{6BAACAA0-F88A-4A40-8544-123FAF56191C}.Debug|Any CPU.Build.0 = Debug|Any CPU
		{6BAACAA0-F88A-4A40-8544-123FAF56191C}.Release|Any CPU.ActiveCfg = Release|Any CPU
		{6BAACAA0-F88A-4A40-8544-123FAF56191C}.Release|Any CPU.Build.0 = Release|Any CPU
		{FB79BA47-F1EC-4D98-BDF5-D80EFF5EDFAA}.Debug|Any CPU.ActiveCfg = Debug|Any CPU
		{FB79BA47-F1EC-4D98-BDF5-D80EFF5EDFAA}.Debug|Any CPU.Build.0 = Debug|Any CPU
		{FB79BA47-F1EC-4D98-BDF5-D80EFF5EDFAA}.Release|Any CPU.ActiveCfg = Release|Any CPU
		{FB79BA47-F1EC-4D98-BDF5-D80EFF5EDFAA}.Release|Any CPU.Build.0 = Release|Any CPU
		{EEB394E0-84EC-4E03-87E9-7B055C92D0D5}.Debug|Any CPU.ActiveCfg = Debug|Any CPU
		{EEB394E0-84EC-4E03-87E9-7B055C92D0D5}.Debug|Any CPU.Build.0 = Debug|Any CPU
		{EEB394E0-84EC-4E03-87E9-7B055C92D0D5}.Release|Any CPU.ActiveCfg = Release|Any CPU
		{EEB394E0-84EC-4E03-87E9-7B055C92D0D5}.Release|Any CPU.Build.0 = Release|Any CPU
	EndGlobalSection
	GlobalSection(SolutionProperties) = preSolution
		HideSolutionNode = FALSE
	EndGlobalSection
	GlobalSection(ExtensibilityGlobals) = postSolution
		SolutionGuid = {6A450ACA-FE70-4A2B-BF33-54EFAC877D48}
	EndGlobalSection
EndGlobal
