
Microsoft Visual Studio Solution File, Format Version 12.00
# Visual Studio Version 17
VisualStudioVersion = 17.5.33424.131
MinimumVisualStudioVersion = 10.0.40219.1
Project("{6EC3EE1D-3C4E-46DD-8F32-0CC8E7565705}") = "FrostScript", "FrostScript\FrostScript.fsproj", "{40EF3AC1-D1BD-4F65-AD1D-B9B4DF56D4CC}"
EndProject
Project("{6EC3EE1D-3C4E-46DD-8F32-0CC8E7565705}") = "FrostScript.Console", "FrostScript.Console\FrostScript.Console.fsproj", "{5E4D539A-FB12-4A4B-8058-B4D482388B4E}"
EndProject
Global
	GlobalSection(SolutionConfigurationPlatforms) = preSolution
		Debug|Any CPU = Debug|Any CPU
		Release|Any CPU = Release|Any CPU
	EndGlobalSection
	GlobalSection(ProjectConfigurationPlatforms) = postSolution
		{40EF3AC1-D1BD-4F65-AD1D-B9B4DF56D4CC}.Debug|Any CPU.ActiveCfg = Debug|Any CPU
		{40EF3AC1-D1BD-4F65-AD1D-B9B4DF56D4CC}.Debug|Any CPU.Build.0 = Debug|Any CPU
		{40EF3AC1-D1BD-4F65-AD1D-B9B4DF56D4CC}.Release|Any CPU.ActiveCfg = Release|Any CPU
		{40EF3AC1-D1BD-4F65-AD1D-B9B4DF56D4CC}.Release|Any CPU.Build.0 = Release|Any CPU
		{5E4D539A-FB12-4A4B-8058-B4D482388B4E}.Debug|Any CPU.ActiveCfg = Debug|Any CPU
		{5E4D539A-FB12-4A4B-8058-B4D482388B4E}.Debug|Any CPU.Build.0 = Debug|Any CPU
		{5E4D539A-FB12-4A4B-8058-B4D482388B4E}.Release|Any CPU.ActiveCfg = Release|Any CPU
		{5E4D539A-FB12-4A4B-8058-B4D482388B4E}.Release|Any CPU.Build.0 = Release|Any CPU
	EndGlobalSection
	GlobalSection(SolutionProperties) = preSolution
		HideSolutionNode = FALSE
	EndGlobalSection
	GlobalSection(ExtensibilityGlobals) = postSolution
		SolutionGuid = {6A450ACA-FE70-4A2B-BF33-54EFAC877D48}
	EndGlobalSection
EndGlobal
